
Microsoft Visual Studio Solution File, Format Version 12.00
# Visual Studio Version 17
VisualStudioVersion = 17.9.34622.214
MinimumVisualStudioVersion = 10.0.40219.1
Project("{2150E333-8FDC-42A3-9474-1A3956D46DE8}") = "FormService", "FormService", "{DA19F977-EE47-4E7C-9BB6-F95B956D7A62}"
EndProject
Project("{FAE04EC0-301F-11D3-BF4B-00C04F79EFBC}") = "FormService.API", "FormService\FormService.API\FormService.API.csproj", "{FB04F181-C16E-402F-A7C6-ADEBE5A79AB3}"
EndProject
Global
	GlobalSection(SolutionConfigurationPlatforms) = preSolution
		Debug|Any CPU = Debug|Any CPU
		Release|Any CPU = Release|Any CPU
	EndGlobalSection
	GlobalSection(ProjectConfigurationPlatforms) = postSolution
		{FB04F181-C16E-402F-A7C6-ADEBE5A79AB3}.Debug|Any CPU.ActiveCfg = Debug|Any CPU
		{FB04F181-C16E-402F-A7C6-ADEBE5A79AB3}.Debug|Any CPU.Build.0 = Debug|Any CPU
		{FB04F181-C16E-402F-A7C6-ADEBE5A79AB3}.Release|Any CPU.ActiveCfg = Release|Any CPU
		{FB04F181-C16E-402F-A7C6-ADEBE5A79AB3}.Release|Any CPU.Build.0 = Release|Any CPU
	EndGlobalSection
	GlobalSection(SolutionProperties) = preSolution
		HideSolutionNode = FALSE
	EndGlobalSection
	GlobalSection(NestedProjects) = preSolution
		{FB04F181-C16E-402F-A7C6-ADEBE5A79AB3} = {DA19F977-EE47-4E7C-9BB6-F95B956D7A62}
	EndGlobalSection
	GlobalSection(ExtensibilityGlobals) = postSolution
		SolutionGuid = {794C0A66-B17E-47F2-B646-8B701DBB99F9}
	EndGlobalSection
EndGlobal
